
Microsoft Visual Studio Solution File, Format Version 12.00
# Visual Studio Version 16
VisualStudioVersion = 16.0.28803.452
MinimumVisualStudioVersion = 10.0.40219.1
Project("{9A19103F-16F7-4668-BE54-9A1E7A4F7556}") = "TesteWebMotors.Api", "TesteWebMotors.Api\TesteWebMotors.Api.csproj", "{D565E781-0FC3-432D-AECD-A5FEF7867C0C}"
EndProject
Project("{9A19103F-16F7-4668-BE54-9A1E7A4F7556}") = "TesteWebMotors.Domain", "TesteWebMotors.Domain\TesteWebMotors.Domain.csproj", "{FF2B05EF-7BE3-4008-9B5B-E9884D9E23D8}"
EndProject
Project("{9A19103F-16F7-4668-BE54-9A1E7A4F7556}") = "WebMotors.Infra", "WebMotors.Infra\WebMotors.Infra.csproj", "{A90D559B-4BC5-47B0-BC6D-BE41C3C4F70F}"
EndProject
Project("{9A19103F-16F7-4668-BE54-9A1E7A4F7556}") = "WebMotors.Tests.Unit", "WebMotors.Tests.Unit\WebMotors.Tests.Unit.csproj", "{50944BAE-0668-44F7-9B9D-25070429BF5A}"
EndProject
Project("{FAE04EC0-301F-11D3-BF4B-00C04F79EFBC}") = "TesteWebMotors.Ui.Web", "TesteWebMotors.Ui.Web\TesteWebMotors.Ui.Web.csproj", "{813F7331-09AC-426F-A8EA-8C87DDF017AE}"
EndProject
Global
	GlobalSection(SolutionConfigurationPlatforms) = preSolution
		Debug|Any CPU = Debug|Any CPU
		Release|Any CPU = Release|Any CPU
	EndGlobalSection
	GlobalSection(ProjectConfigurationPlatforms) = postSolution
		{D565E781-0FC3-432D-AECD-A5FEF7867C0C}.Debug|Any CPU.ActiveCfg = Debug|Any CPU
		{D565E781-0FC3-432D-AECD-A5FEF7867C0C}.Debug|Any CPU.Build.0 = Debug|Any CPU
		{D565E781-0FC3-432D-AECD-A5FEF7867C0C}.Release|Any CPU.ActiveCfg = Release|Any CPU
		{D565E781-0FC3-432D-AECD-A5FEF7867C0C}.Release|Any CPU.Build.0 = Release|Any CPU
		{FF2B05EF-7BE3-4008-9B5B-E9884D9E23D8}.Debug|Any CPU.ActiveCfg = Debug|Any CPU
		{FF2B05EF-7BE3-4008-9B5B-E9884D9E23D8}.Debug|Any CPU.Build.0 = Debug|Any CPU
		{FF2B05EF-7BE3-4008-9B5B-E9884D9E23D8}.Release|Any CPU.ActiveCfg = Release|Any CPU
		{FF2B05EF-7BE3-4008-9B5B-E9884D9E23D8}.Release|Any CPU.Build.0 = Release|Any CPU
		{A90D559B-4BC5-47B0-BC6D-BE41C3C4F70F}.Debug|Any CPU.ActiveCfg = Debug|Any CPU
		{A90D559B-4BC5-47B0-BC6D-BE41C3C4F70F}.Debug|Any CPU.Build.0 = Debug|Any CPU
		{A90D559B-4BC5-47B0-BC6D-BE41C3C4F70F}.Release|Any CPU.ActiveCfg = Release|Any CPU
		{A90D559B-4BC5-47B0-BC6D-BE41C3C4F70F}.Release|Any CPU.Build.0 = Release|Any CPU
		{50944BAE-0668-44F7-9B9D-25070429BF5A}.Debug|Any CPU.ActiveCfg = Debug|Any CPU
		{50944BAE-0668-44F7-9B9D-25070429BF5A}.Debug|Any CPU.Build.0 = Debug|Any CPU
		{50944BAE-0668-44F7-9B9D-25070429BF5A}.Release|Any CPU.ActiveCfg = Release|Any CPU
		{50944BAE-0668-44F7-9B9D-25070429BF5A}.Release|Any CPU.Build.0 = Release|Any CPU
		{813F7331-09AC-426F-A8EA-8C87DDF017AE}.Debug|Any CPU.ActiveCfg = Debug|Any CPU
		{813F7331-09AC-426F-A8EA-8C87DDF017AE}.Debug|Any CPU.Build.0 = Debug|Any CPU
		{813F7331-09AC-426F-A8EA-8C87DDF017AE}.Release|Any CPU.ActiveCfg = Release|Any CPU
		{813F7331-09AC-426F-A8EA-8C87DDF017AE}.Release|Any CPU.Build.0 = Release|Any CPU
	EndGlobalSection
	GlobalSection(SolutionProperties) = preSolution
		HideSolutionNode = FALSE
	EndGlobalSection
	GlobalSection(ExtensibilityGlobals) = postSolution
		SolutionGuid = {C164C488-8EE5-42E4-8B12-026DAF64E226}
	EndGlobalSection
EndGlobal
